
Microsoft Visual Studio Solution File, Format Version 12.00
# Visual Studio 15
VisualStudioVersion = 15.0.26124.0
MinimumVisualStudioVersion = 15.0.26124.0
Project("{FAE04EC0-301F-11D3-BF4B-00C04F79EFBC}") = "websocket-sharp", "websocket-sharp\websocket-sharp.csproj", "{6A2EE574-131A-4738-9794-DCA3313E2538}"
EndProject
Project("{FAE04EC0-301F-11D3-BF4B-00C04F79EFBC}") = "Example", "Example\Example.csproj", "{8D00CD42-8346-47C1-976D-83B0716819D7}"
EndProject
Project("{FAE04EC0-301F-11D3-BF4B-00C04F79EFBC}") = "Example1", "Example1\Example1.csproj", "{B88E4FBF-773F-47AA-9044-CEF243316F07}"
EndProject
Project("{FAE04EC0-301F-11D3-BF4B-00C04F79EFBC}") = "Example2", "Example2\Example2.csproj", "{00FCD616-10DD-4DDC-A48D-AADC93B97173}"
EndProject
Project("{FAE04EC0-301F-11D3-BF4B-00C04F79EFBC}") = "Example3", "Example3\Example3.csproj", "{996A2A1B-E66C-47F3-A70D-4D373804CE93}"
EndProject
Global
	GlobalSection(SolutionConfigurationPlatforms) = preSolution
		Debug|Any CPU = Debug|Any CPU
		Debug|x64 = Debug|x64
		Debug|x86 = Debug|x86
		Release|Any CPU = Release|Any CPU
		Release|x64 = Release|x64
		Release|x86 = Release|x86
	EndGlobalSection
	GlobalSection(SolutionProperties) = preSolution
		HideSolutionNode = FALSE
	EndGlobalSection
	GlobalSection(ProjectConfigurationPlatforms) = postSolution
		{6A2EE574-131A-4738-9794-DCA3313E2538}.Debug|Any CPU.ActiveCfg = Debug|Any CPU
		{6A2EE574-131A-4738-9794-DCA3313E2538}.Debug|Any CPU.Build.0 = Debug|Any CPU
		{6A2EE574-131A-4738-9794-DCA3313E2538}.Debug|x64.ActiveCfg = Debug|x64
		{6A2EE574-131A-4738-9794-DCA3313E2538}.Debug|x64.Build.0 = Debug|x64
		{6A2EE574-131A-4738-9794-DCA3313E2538}.Debug|x86.ActiveCfg = Debug|x86
		{6A2EE574-131A-4738-9794-DCA3313E2538}.Debug|x86.Build.0 = Debug|x86
		{6A2EE574-131A-4738-9794-DCA3313E2538}.Release|Any CPU.ActiveCfg = Release|Any CPU
		{6A2EE574-131A-4738-9794-DCA3313E2538}.Release|Any CPU.Build.0 = Release|Any CPU
		{6A2EE574-131A-4738-9794-DCA3313E2538}.Release|x64.ActiveCfg = Release|x64
		{6A2EE574-131A-4738-9794-DCA3313E2538}.Release|x64.Build.0 = Release|x64
		{6A2EE574-131A-4738-9794-DCA3313E2538}.Release|x86.ActiveCfg = Release|x86
		{6A2EE574-131A-4738-9794-DCA3313E2538}.Release|x86.Build.0 = Release|x86
		{8D00CD42-8346-47C1-976D-83B0716819D7}.Debug|Any CPU.ActiveCfg = Debug|Any CPU
		{8D00CD42-8346-47C1-976D-83B0716819D7}.Debug|Any CPU.Build.0 = Debug|Any CPU
		{8D00CD42-8346-47C1-976D-83B0716819D7}.Debug|x64.ActiveCfg = Debug|x64
		{8D00CD42-8346-47C1-976D-83B0716819D7}.Debug|x64.Build.0 = Debug|x64
		{8D00CD42-8346-47C1-976D-83B0716819D7}.Debug|x86.ActiveCfg = Debug|x86
		{8D00CD42-8346-47C1-976D-83B0716819D7}.Debug|x86.Build.0 = Debug|x86
		{8D00CD42-8346-47C1-976D-83B0716819D7}.Release|Any CPU.ActiveCfg = Release|Any CPU
		{8D00CD42-8346-47C1-976D-83B0716819D7}.Release|Any CPU.Build.0 = Release|Any CPU
		{8D00CD42-8346-47C1-976D-83B0716819D7}.Release|x64.ActiveCfg = Release|x64
		{8D00CD42-8346-47C1-976D-83B0716819D7}.Release|x64.Build.0 = Release|x64
		{8D00CD42-8346-47C1-976D-83B0716819D7}.Release|x86.ActiveCfg = Release|x86
		{8D00CD42-8346-47C1-976D-83B0716819D7}.Release|x86.Build.0 = Release|x86
		{B88E4FBF-773F-47AA-9044-CEF243316F07}.Debug|Any CPU.ActiveCfg = Debug|Any CPU
		{B88E4FBF-773F-47AA-9044-CEF243316F07}.Debug|Any CPU.Build.0 = Debug|Any CPU
		{B88E4FBF-773F-47AA-9044-CEF243316F07}.Debug|x64.ActiveCfg = Debug|x64
		{B88E4FBF-773F-47AA-9044-CEF243316F07}.Debug|x64.Build.0 = Debug|x64
		{B88E4FBF-773F-47AA-9044-CEF243316F07}.Debug|x86.ActiveCfg = Debug|x86
		{B88E4FBF-773F-47AA-9044-CEF243316F07}.Debug|x86.Build.0 = Debug|x86
		{B88E4FBF-773F-47AA-9044-CEF243316F07}.Release|Any CPU.ActiveCfg = Release|Any CPU
		{B88E4FBF-773F-47AA-9044-CEF243316F07}.Release|Any CPU.Build.0 = Release|Any CPU
		{B88E4FBF-773F-47AA-9044-CEF243316F07}.Release|x64.ActiveCfg = Release|x64
		{B88E4FBF-773F-47AA-9044-CEF243316F07}.Release|x64.Build.0 = Release|x64
		{B88E4FBF-773F-47AA-9044-CEF243316F07}.Release|x86.ActiveCfg = Release|x86
		{B88E4FBF-773F-47AA-9044-CEF243316F07}.Release|x86.Build.0 = Release|x86
		{00FCD616-10DD-4DDC-A48D-AADC93B97173}.Debug|Any CPU.ActiveCfg = Debug|Any CPU
		{00FCD616-10DD-4DDC-A48D-AADC93B97173}.Debug|Any CPU.Build.0 = Debug|Any CPU
		{00FCD616-10DD-4DDC-A48D-AADC93B97173}.Debug|x64.ActiveCfg = Debug|x64
		{00FCD616-10DD-4DDC-A48D-AADC93B97173}.Debug|x64.Build.0 = Debug|x64
		{00FCD616-10DD-4DDC-A48D-AADC93B97173}.Debug|x86.ActiveCfg = Debug|x86
		{00FCD616-10DD-4DDC-A48D-AADC93B97173}.Debug|x86.Build.0 = Debug|x86
		{00FCD616-10DD-4DDC-A48D-AADC93B97173}.Release|Any CPU.ActiveCfg = Release|Any CPU
		{00FCD616-10DD-4DDC-A48D-AADC93B97173}.Release|Any CPU.Build.0 = Release|Any CPU
		{00FCD616-10DD-4DDC-A48D-AADC93B97173}.Release|x64.ActiveCfg = Release|x64
		{00FCD616-10DD-4DDC-A48D-AADC93B97173}.Release|x64.Build.0 = Release|x64
		{00FCD616-10DD-4DDC-A48D-AADC93B97173}.Release|x86.ActiveCfg = Release|x86
		{00FCD616-10DD-4DDC-A48D-AADC93B97173}.Release|x86.Build.0 = Release|x86
		{996A2A1B-E66C-47F3-A70D-4D373804CE93}.Debug|Any CPU.ActiveCfg = Debug|Any CPU
		{996A2A1B-E66C-47F3-A70D-4D373804CE93}.Debug|Any CPU.Build.0 = Debug|Any CPU
		{996A2A1B-E66C-47F3-A70D-4D373804CE93}.Debug|x64.ActiveCfg = Debug|x64
		{996A2A1B-E66C-47F3-A70D-4D373804CE93}.Debug|x64.Build.0 = Debug|x64
		{996A2A1B-E66C-47F3-A70D-4D373804CE93}.Debug|x86.ActiveCfg = Debug|x86
		{996A2A1B-E66C-47F3-A70D-4D373804CE93}.Debug|x86.Build.0 = Debug|x86
		{996A2A1B-E66C-47F3-A70D-4D373804CE93}.Release|Any CPU.ActiveCfg = Release|Any CPU
		{996A2A1B-E66C-47F3-A70D-4D373804CE93}.Release|Any CPU.Build.0 = Release|Any CPU
		{996A2A1B-E66C-47F3-A70D-4D373804CE93}.Release|x64.ActiveCfg = Release|x64
		{996A2A1B-E66C-47F3-A70D-4D373804CE93}.Release|x64.Build.0 = Release|x64
		{996A2A1B-E66C-47F3-A70D-4D373804CE93}.Release|x86.ActiveCfg = Release|x86
		{996A2A1B-E66C-47F3-A70D-4D373804CE93}.Release|x86.Build.0 = Release|x86
	EndGlobalSection
EndGlobal
